
Microsoft Visual Studio Solution File, Format Version 11.00
# Visual Studio 2010
Project("{8BC9CEB8-8B4A-11D0-8D11-00A0C91BC942}") = "CopyConstructor", "CopyConstructor\CopyConstructor.vcxproj", "{144326BB-B3AB-42AA-AC86-9AD79B1E8D24}"
EndProject
Global
	GlobalSection(SolutionConfigurationPlatforms) = preSolution
		Debug|Win32 = Debug|Win32
		Release|Win32 = Release|Win32
	EndGlobalSection
	GlobalSection(ProjectConfigurationPlatforms) = postSolution
		{144326BB-B3AB-42AA-AC86-9AD79B1E8D24}.Debug|Win32.ActiveCfg = Debug|Win32
		{144326BB-B3AB-42AA-AC86-9AD79B1E8D24}.Debug|Win32.Build.0 = Debug|Win32
		{144326BB-B3AB-42AA-AC86-9AD79B1E8D24}.Release|Win32.ActiveCfg = Release|Win32
		{144326BB-B3AB-42AA-AC86-9AD79B1E8D24}.Release|Win32.Build.0 = Release|Win32
	EndGlobalSection
	GlobalSection(SolutionProperties) = preSolution
		HideSolutionNode = FALSE
	EndGlobalSection
EndGlobal
